{
  "name": "cjs",
  "version": "1.0.0",
  "lockfileVersion": 3,
  "requires": true,
  "packages": {
    "": {
      "name": "cjs",
      "version": "1.0.0",
      "license": "ISC",
      "dependencies": {
        "@algorandfoundation/transaction-crafter": "file:../.."
      }
    },
    "../..": {
      "name": "@algorandfoundation/transaction-crafter",
      "version": "1.0.0",
      "license": "AGPL-3.0-or-later",
      "dependencies": {
        "algo-msgpack-with-bigint": "^2.1.1",
        "hi-base32": "^0.5.1",
        "js-sha512": "^0.8.0"
      },
      "devDependencies": {
        "@types/jest": "^29.5.5",
        "@types/node": "^20.7.1",
        "ts-jest": "^29.1.1",
        "typescript": "^5.2.2"
      }
    },
    "node_modules/@algorandfoundation/transaction-crafter": {
      "resolved": "../..",
      "link": true
    }
  }
}
