{
  "name": "esm",
  "version": "1.0.0",
  "lockfileVersion": 3,
  "requires": true,
  "packages": {
    "": {
      "name": "esm",
      "version": "1.0.0",
      "license": "ISC",
      "dependencies": {
        "@algorandfoundation/transaction-crafter": "file:../.."
      }
    },
    "../..": {
      "version": "1.0.0",
      "license": "AGPL-3.0-or-later",
      "devDependencies": {
        "typescript": "^5.2.2"
      }
    },
    "node_modules/@algorandfoundation/transaction-crafter": {
      "resolved": "../..",
      "link": true
    }
  }
}
